
Microsoft Visual Studio Solution File, Format Version 12.00
# Visual Studio Version 16
VisualStudioVersion = 16.0.30204.135
MinimumVisualStudioVersion = 10.0.40219.1
Project("{FAE04EC0-301F-11D3-BF4B-00C04F79EFBC}") = "ProjektWzorce", "ProjektWzorce\ProjektWzorce.csproj", "{5994EF05-4F72-4800-91D3-E9477B365F1D}"
EndProject
Global
	GlobalSection(SolutionConfigurationPlatforms) = preSolution
		Debug|Any CPU = Debug|Any CPU
		Release|Any CPU = Release|Any CPU
	EndGlobalSection
	GlobalSection(ProjectConfigurationPlatforms) = postSolution
		{5994EF05-4F72-4800-91D3-E9477B365F1D}.Debug|Any CPU.ActiveCfg = Debug|Any CPU
		{5994EF05-4F72-4800-91D3-E9477B365F1D}.Debug|Any CPU.Build.0 = Debug|Any CPU
		{5994EF05-4F72-4800-91D3-E9477B365F1D}.Release|Any CPU.ActiveCfg = Release|Any CPU
		{5994EF05-4F72-4800-91D3-E9477B365F1D}.Release|Any CPU.Build.0 = Release|Any CPU
	EndGlobalSection
	GlobalSection(SolutionProperties) = preSolution
		HideSolutionNode = FALSE
	EndGlobalSection
	GlobalSection(ExtensibilityGlobals) = postSolution
		SolutionGuid = {65F30352-4921-4299-8E37-9689BFA7AB23}
	EndGlobalSection
EndGlobal
